
Microsoft Visual Studio Solution File, Format Version 12.00
# Visual Studio 15
VisualStudioVersion = 15.0.28307.2017
MinimumVisualStudioVersion = 10.0.40219.1
Project("{FAE04EC0-301F-11D3-BF4B-00C04F79EFBC}") = "Graduation_Student_Party", "Graduation_Student_Party\Graduation_Student_Party.csproj", "{0B268B0B-0BAD-4544-BC5F-F8F2FD83CE2F}"
EndProject
Global
	GlobalSection(SolutionConfigurationPlatforms) = preSolution
		Debug|Any CPU = Debug|Any CPU
		Release|Any CPU = Release|Any CPU
	EndGlobalSection
	GlobalSection(ProjectConfigurationPlatforms) = postSolution
		{0B268B0B-0BAD-4544-BC5F-F8F2FD83CE2F}.Debug|Any CPU.ActiveCfg = Debug|Any CPU
		{0B268B0B-0BAD-4544-BC5F-F8F2FD83CE2F}.Debug|Any CPU.Build.0 = Debug|Any CPU
		{0B268B0B-0BAD-4544-BC5F-F8F2FD83CE2F}.Release|Any CPU.ActiveCfg = Release|Any CPU
		{0B268B0B-0BAD-4544-BC5F-F8F2FD83CE2F}.Release|Any CPU.Build.0 = Release|Any CPU
	EndGlobalSection
	GlobalSection(SolutionProperties) = preSolution
		HideSolutionNode = FALSE
	EndGlobalSection
	GlobalSection(ExtensibilityGlobals) = postSolution
		SolutionGuid = {155A940A-41A5-481B-8FE0-29799CBFC704}
	EndGlobalSection
EndGlobal
